# @generated - this file is auto-generated by `mise lock` https://mise.en.dev/dev-tools/mise-lock.html

[[tools.ast-grep]]
version = "0.43.0"
backend = "aqua:ast-grep/ast-grep"

[tools.ast-grep."platforms.linux-arm64"]
checksum = "sha256:e706846148493967f3ab8011334817edd86ce5acbec10718b2a7b40799c640ff"
url = "https://github.com/ast-grep/ast-grep/releases/download/0.43.0/app-aarch64-unknown-linux-gnu.zip"

[tools.ast-grep."platforms.linux-x64"]
checksum = "sha256:a26253a9c821d935f7e383e40f0de7c2ca62a4121de1f73a6d81ec32eae631e0"
url = "https://github.com/ast-grep/ast-grep/releases/download/0.43.0/app-x86_64-unknown-linux-gnu.zip"

[tools.ast-grep."platforms.macos-arm64"]
checksum = "sha256:8c847d0a29aa4b3101b3361e0b3ee7fb53c7e497adc9ed1afc9615538cd40782"
url = "https://github.com/ast-grep/ast-grep/releases/download/0.43.0/app-aarch64-apple-darwin.zip"

[tools.ast-grep."platforms.macos-x64"]
checksum = "sha256:6d703090b106747b2f56086b6ccc7e798fe78bcae70257aa20519b220153555b"
url = "https://github.com/ast-grep/ast-grep/releases/download/0.43.0/app-x86_64-apple-darwin.zip"

[tools.ast-grep."platforms.windows-x64"]
checksum = "sha256:a4febbc8c48671e5729d85e29e4ebe5a051b7250d19545bca18e725ccf40ef61"
url = "https://github.com/ast-grep/ast-grep/releases/download/0.43.0/app-x86_64-pc-windows-msvc.zip"

[[tools.node]]
version = "24.16.0"
backend = "core:node"

[tools.node."platforms.linux-arm64"]
checksum = "sha256:589f5b6dd4fcfee4dfda73013903c966abaa8abd93dbc9d436544e472b4f0e74"
url = "https://nodejs.org/dist/v24.16.0/node-v24.16.0-linux-arm64.tar.gz"

[tools.node."platforms.linux-arm64-musl"]
checksum = "sha256:85dde27aa73503b03dadfa0410a800067b4e3f702fb7fcaa3beaf284dfcc69e9"
url = "https://unofficial-builds.nodejs.org/download/release/v24.16.0/node-v24.16.0-linux-arm64-musl.tar.gz"

[tools.node."platforms.linux-x64"]
checksum = "sha256:2faf6a387e9b62b888e21c54f01249fb27537ffecf1842f29f4c919d0a59a0ff"
url = "https://nodejs.org/dist/v24.16.0/node-v24.16.0-linux-x64.tar.gz"

[tools.node."platforms.linux-x64-musl"]
checksum = "sha256:50df5d8d474892d4f7b906167df36f77f5b93908f63dc532dc568219cab65841"
url = "https://unofficial-builds.nodejs.org/download/release/v24.16.0/node-v24.16.0-linux-x64-musl.tar.gz"

[tools.node."platforms.macos-arm64"]
checksum = "sha256:39189dab4eeb15706c424af0ac08a3044c9e48f7db12a7d77f6b7aafc7dd5df6"
url = "https://nodejs.org/dist/v24.16.0/node-v24.16.0-darwin-arm64.tar.gz"

[tools.node."platforms.macos-x64"]
checksum = "sha256:298b4c7b3cb80765c8703e42b90324a4ece3b6634947b89e769c3c980ab55185"
url = "https://nodejs.org/dist/v24.16.0/node-v24.16.0-darwin-x64.tar.gz"

[tools.node."platforms.windows-x64"]
checksum = "sha256:edaca9bd58ec8e92037dac4e877d52f6b8f430b81c18b57e264b4e2fb111cd56"
url = "https://nodejs.org/dist/v24.16.0/node-v24.16.0-win-x64.zip"

[[tools.pnpm]]
version = "10.11.1"
backend = "aqua:pnpm/pnpm"

[tools.pnpm."platforms.linux-arm64"]
checksum = "sha256:e6c887280a4c4c25a4adc8982acef16725838973dd33ad936a4e08a0ffc18a32"
url = "https://github.com/pnpm/pnpm/releases/download/v10.11.1/pnpm-linux-arm64"

[tools.pnpm."platforms.linux-arm64-musl"]
checksum = "sha256:e6c887280a4c4c25a4adc8982acef16725838973dd33ad936a4e08a0ffc18a32"
url = "https://github.com/pnpm/pnpm/releases/download/v10.11.1/pnpm-linux-arm64"

[tools.pnpm."platforms.linux-x64"]
checksum = "sha256:0c6773d145024f7641b6d0b421ae12c36884c8dc2164d3ed8b78c82872c0a23d"
url = "https://github.com/pnpm/pnpm/releases/download/v10.11.1/pnpm-linux-x64"

[tools.pnpm."platforms.linux-x64-musl"]
checksum = "sha256:0c6773d145024f7641b6d0b421ae12c36884c8dc2164d3ed8b78c82872c0a23d"
url = "https://github.com/pnpm/pnpm/releases/download/v10.11.1/pnpm-linux-x64"

[tools.pnpm."platforms.macos-arm64"]
checksum = "sha256:28795aa7d3218c23521f5815f97fd317a7ef1ecb354b2f49cb92be918c3ee6ff"
url = "https://github.com/pnpm/pnpm/releases/download/v10.11.1/pnpm-macos-arm64"

[tools.pnpm."platforms.macos-x64"]
checksum = "sha256:4a1ad5758bccae014bd1eca9b19ee25f4128094fef7c30f01b4373ea87b1f29d"
url = "https://github.com/pnpm/pnpm/releases/download/v10.11.1/pnpm-macos-x64"

[tools.pnpm."platforms.windows-x64"]
checksum = "sha256:cf3b6411c4454bd5a3457731d7786722e1f75fc61854e23a8c479a56c07f57d0"
url = "https://github.com/pnpm/pnpm/releases/download/v10.11.1/pnpm-win-x64.exe"
